<?xml version="1.0" encoding="utf-8"?>
<Project ToolsVersion="4.0" xmlns="http://schemas.microsoft.com/developer/msbuild/2003">
  <ItemGroup>
    <Filter Include="Source Files">
      <UniqueIdentifier>{4FC737F1-C7A5-4376-A066-2A32D752A2FF}</UniqueIdentifier>
      <Extensions>cpp;c;cc;cxx;c++;cppm;ixx;def;odl;idl;hpj;bat;asm;asmx</Extensions>
    </Filter>
    <Filter Include="Header Files">
      <UniqueIdentifier>{93995380-89BD-4b04-88EB-625FBE52EBFB}</UniqueIdentifier>
      <Extensions>h;hh;hpp;hxx;h++;hm;inl;inc;ipp;xsd</Extensions>
    </Filter>
    <Filter Include="Resource Files">
      <UniqueIdentifier>{67DA6AB6-F800-4c08-8B7A-83BB121AAD01}</UniqueIdentifier>
      <Extensions>rc;ico;cur;bmp;dlg;rc2;rct;bin;rgs;gif;jpg;jpeg;jpe;resx;tiff;tif;png;wav;mfcribbon-ms</Extensions>
    </Filter>
  </ItemGroup>
  <ItemGroup>
    <ClCompile Include="ProiectSDANastaseNicoleta.cpp">
      <Filter>Source Files</Filter>
    </ClCompile>
    <ClCompile Include="Utilizator.cpp">
      <Filter>Source Files</Filter>
    </ClCompile>
    <ClCompile Include="UtilizatorRepository.cpp">
      <Filter>Source Files</Filter>
    </ClCompile>
    <ClCompile Include="UtilizatorService.cpp">
      <Filter>Source Files</Filter>
    </ClCompile>
    <ClCompile Include="Interfata.cpp">
      <Filter>Source Files</Filter>
    </ClCompile>
    <ClCompile Include="Prietenie.cpp">
      <Filter>Source Files</Filter>
    </ClCompile>
    <ClCompile Include="PrietenieRepository.cpp">
      <Filter>Source Files</Filter>
    </ClCompile>
    <ClCompile Include="PrietenieService.cpp">
      <Filter>Source Files</Filter>
    </ClCompile>
    <ClCompile Include="Mesaj.cpp">
      <Filter>Source Files</Filter>
    </ClCompile>
    <ClCompile Include="MesajRepository.cpp">
      <Filter>Source Files</Filter>
    </ClCompile>
    <ClCompile Include="MesajService.cpp">
      <Filter>Source Files</Filter>
    </ClCompile>
    <ClCompile Include="Eveniment.cpp">
      <Filter>Source Files</Filter>
    </ClCompile>
    <ClCompile Include="EvenimentRepository.cpp">
      <Filter>Source Files</Filter>
    </ClCompile>
    <ClCompile Include="EvenimentService.cpp">
      <Filter>Source Files</Filter>
    </ClCompile>
  </ItemGroup>
  <ItemGroup>
    <ClInclude Include="Utilizator.h">
      <Filter>Header Files</Filter>
    </ClInclude>
    <ClInclude Include="Array.h">
      <Filter>Header Files</Filter>
    </ClInclude>
    <ClInclude Include="UtilizatorRepository.h">
      <Filter>Header Files</Filter>
    </ClInclude>
    <ClInclude Include="UtilizatorService.h">
      <Filter>Header Files</Filter>
    </ClInclude>
    <ClInclude Include="Interfata.h">
      <Filter>Header Files</Filter>
    </ClInclude>
    <ClInclude Include="Prietenie.h">
      <Filter>Header Files</Filter>
    </ClInclude>
    <ClInclude Include="PrietenieRepository.h">
      <Filter>Header Files</Filter>
    </ClInclude>
    <ClInclude Include="PrietenieService.h">
      <Filter>Header Files</Filter>
    </ClInclude>
    <ClInclude Include="Mesaj.h">
      <Filter>Header Files</Filter>
    </ClInclude>
    <ClInclude Include="MesajRepository.h">
      <Filter>Header Files</Filter>
    </ClInclude>
    <ClInclude Include="MesajService.h">
      <Filter>Header Files</Filter>
    </ClInclude>
    <ClInclude Include="Eveniment.h">
      <Filter>Header Files</Filter>
    </ClInclude>
    <ClInclude Include="EvenimentRepository.h">
      <Filter>Header Files</Filter>
    </ClInclude>
    <ClInclude Include="EvenimentService.h">
      <Filter>Header Files</Filter>
    </ClInclude>
  </ItemGroup>
</Project>